// !$*UTF8*$!
{
	archiveVersion = 1;
	classes = {
	};
	objectVersion = 55;
	objects = {

/* Begin PBXBuildFile section */
		F81B91752774F47100336ACF /* AddTodoView.swift in Sources */ = {isa = PBXBuildFile; fileRef = F81B91742774F47100336ACF /* AddTodoView.swift */; };
		F81B9179277520F800336ACF /* AddTodoViewModel.swift in Sources */ = {isa = PBXBuildFile; fileRef = F81B9178277520F800336ACF /* AddTodoViewModel.swift */; };
		F81B917B277525C200336ACF /* AlertModel.swift in Sources */ = {isa = PBXBuildFile; fileRef = F81B917A277525C200336ACF /* AlertModel.swift */; };
		F85C10262774E67000C5E5FD /* todo_appApp.swift in Sources */ = {isa = PBXBuildFile; fileRef = F85C10252774E67000C5E5FD /* todo_appApp.swift */; };
		F85C10282774E67000C5E5FD /* ContentView.swift in Sources */ = {isa = PBXBuildFile; fileRef = F85C10272774E67000C5E5FD /* ContentView.swift */; };
		F85C102A2774E67200C5E5FD /* Assets.xcassets in Resources */ = {isa = PBXBuildFile; fileRef = F85C10292774E67200C5E5FD /* Assets.xcassets */; };
		F85C102D2774E67200C5E5FD /* Preview Assets.xcassets in Resources */ = {isa = PBXBuildFile; fileRef = F85C102C2774E67200C5E5FD /* Preview Assets.xcassets */; };
		F85C10372774EA1E00C5E5FD /* TodoListView.swift in Sources */ = {isa = PBXBuildFile; fileRef = F85C10362774EA1E00C5E5FD /* TodoListView.swift */; };
		F85C10392774EA2A00C5E5FD /* TodoListRowView.swift in Sources */ = {isa = PBXBuildFile; fileRef = F85C10382774EA2A00C5E5FD /* TodoListRowView.swift */; };
		F85C103B2774EAA300C5E5FD /* TodoModel.swift in Sources */ = {isa = PBXBuildFile; fileRef = F85C103A2774EAA200C5E5FD /* TodoModel.swift */; };
		F85C103D2774EB0800C5E5FD /* TodoListViewModel.swift in Sources */ = {isa = PBXBuildFile; fileRef = F85C103C2774EB0800C5E5FD /* TodoListViewModel.swift */; };
/* End PBXBuildFile section */

/* Begin PBXFileReference section */
		F81B91742774F47100336ACF /* AddTodoView.swift */ = {isa = PBXFileReference; lastKnownFileType = sourcecode.swift; path = AddTodoView.swift; sourceTree = "<group>"; };
		F81B9178277520F800336ACF /* AddTodoViewModel.swift */ = {isa = PBXFileReference; fileEncoding = 4; lastKnownFileType = sourcecode.swift; path = AddTodoViewModel.swift; sourceTree = "<group>"; };
		F81B917A277525C200336ACF /* AlertModel.swift */ = {isa = PBXFileReference; lastKnownFileType = sourcecode.swift; path = AlertModel.swift; sourceTree = "<group>"; };
		F85C10222774E67000C5E5FD /* todo_app.app */ = {isa = PBXFileReference; explicitFileType = wrapper.application; includeInIndex = 0; path = todo_app.app; sourceTree = BUILT_PRODUCTS_DIR; };
		F85C10252774E67000C5E5FD /* todo_appApp.swift */ = {isa = PBXFileReference; lastKnownFileType = sourcecode.swift; path = todo_appApp.swift; sourceTree = "<group>"; };
		F85C10272774E67000C5E5FD /* ContentView.swift */ = {isa = PBXFileReference; lastKnownFileType = sourcecode.swift; path = ContentView.swift; sourceTree = "<group>"; };
		F85C10292774E67200C5E5FD /* Assets.xcassets */ = {isa = PBXFileReference; lastKnownFileType = folder.assetcatalog; path = Assets.xcassets; sourceTree = "<group>"; };
		F85C102C2774E67200C5E5FD /* Preview Assets.xcassets */ = {isa = PBXFileReference; lastKnownFileType = folder.assetcatalog; path = "Preview Assets.xcassets"; sourceTree = "<group>"; };
		F85C10362774EA1E00C5E5FD /* TodoListView.swift */ = {isa = PBXFileReference; lastKnownFileType = sourcecode.swift; path = TodoListView.swift; sourceTree = "<group>"; };
		F85C10382774EA2A00C5E5FD /* TodoListRowView.swift */ = {isa = PBXFileReference; lastKnownFileType = sourcecode.swift; path = TodoListRowView.swift; sourceTree = "<group>"; };
		F85C103A2774EAA200C5E5FD /* TodoModel.swift */ = {isa = PBXFileReference; lastKnownFileType = sourcecode.swift; path = TodoModel.swift; sourceTree = "<group>"; };
		F85C103C2774EB0800C5E5FD /* TodoListViewModel.swift */ = {isa = PBXFileReference; lastKnownFileType = sourcecode.swift; name = TodoListViewModel.swift; path = todo_app/ViewModels/TodoListViewModel.swift; sourceTree = SOURCE_ROOT; };
/* End PBXFileReference section */

/* Begin PBXFrameworksBuildPhase section */
		F85C101F2774E67000C5E5FD /* Frameworks */ = {
			isa = PBXFrameworksBuildPhase;
			buildActionMask = 2147483647;
			files = (
			);
			runOnlyForDeploymentPostprocessing = 0;
		};
/* End PBXFrameworksBuildPhase section */

/* Begin PBXGroup section */
		F85C10192774E67000C5E5FD = {
			isa = PBXGroup;
			children = (
				F85C10242774E67000C5E5FD /* todo_app */,
				F85C10232774E67000C5E5FD /* Products */,
			);
			sourceTree = "<group>";
		};
		F85C10232774E67000C5E5FD /* Products */ = {
			isa = PBXGroup;
			children = (
				F85C10222774E67000C5E5FD /* todo_app.app */,
			);
			name = Products;
			sourceTree = "<group>";
		};
		F85C10242774E67000C5E5FD /* todo_app */ = {
			isa = PBXGroup;
			children = (
				F85C10352774E9F500C5E5FD /* Models */,
				F85C10342774E9E900C5E5FD /* ViewModels */,
				F85C10332774E9E000C5E5FD /* Views */,
				F85C10252774E67000C5E5FD /* todo_appApp.swift */,
				F85C10272774E67000C5E5FD /* ContentView.swift */,
				F85C10292774E67200C5E5FD /* Assets.xcassets */,
				F85C102B2774E67200C5E5FD /* Preview Content */,
			);
			path = todo_app;
			sourceTree = "<group>";
		};
		F85C102B2774E67200C5E5FD /* Preview Content */ = {
			isa = PBXGroup;
			children = (
				F85C102C2774E67200C5E5FD /* Preview Assets.xcassets */,
			);
			path = "Preview Content";
			sourceTree = "<group>";
		};
		F85C10332774E9E000C5E5FD /* Views */ = {
			isa = PBXGroup;
			children = (
				F85C10362774EA1E00C5E5FD /* TodoListView.swift */,
				F85C10382774EA2A00C5E5FD /* TodoListRowView.swift */,
				F81B91742774F47100336ACF /* AddTodoView.swift */,
			);
			path = Views;
			sourceTree = "<group>";
		};
		F85C10342774E9E900C5E5FD /* ViewModels */ = {
			isa = PBXGroup;
			children = (
				F85C103C2774EB0800C5E5FD /* TodoListViewModel.swift */,
				F81B9178277520F800336ACF /* AddTodoViewModel.swift */,
			);
			path = ViewModels;
			sourceTree = "<group>";
		};
		F85C10352774E9F500C5E5FD /* Models */ = {
			isa = PBXGroup;
			children = (
				F85C103A2774EAA200C5E5FD /* TodoModel.swift */,
				F81B917A277525C200336ACF /* AlertModel.swift */,
			);
			path = Models;
			sourceTree = "<group>";
		};
/* End PBXGroup section */

/* Begin PBXNativeTarget section */
		F85C10212774E67000C5E5FD /* todo_app */ = {
			isa = PBXNativeTarget;
			buildConfigurationList = F85C10302774E67200C5E5FD /* Build configuration list for PBXNativeTarget "todo_app" */;
			buildPhases = (
				F85C101E2774E67000C5E5FD /* Sources */,
				F85C101F2774E67000C5E5FD /* Frameworks */,
				F85C10202774E67000C5E5FD /* Resources */,
			);
			buildRules = (
			);
			dependencies = (
			);
			name = todo_app;
			productName = todo_app;
			productReference = F85C10222774E67000C5E5FD /* todo_app.app */;
			productType = "com.apple.product-type.application";
		};
/* End PBXNativeTarget section */

/* Begin PBXProject section */
		F85C101A2774E67000C5E5FD /* Project object */ = {
			isa = PBXProject;
			attributes = {
				BuildIndependentTargetsInParallel = 1;
				LastSwiftUpdateCheck = 1320;
				LastUpgradeCheck = 1320;
				TargetAttributes = {
					F85C10212774E67000C5E5FD = {
						CreatedOnToolsVersion = 13.2.1;
					};
				};
			};
			buildConfigurationList = F85C101D2774E67000C5E5FD /* Build configuration list for PBXProject "todo_app" */;
			compatibilityVersion = "Xcode 13.0";
			developmentRegion = en;
			hasScannedForEncodings = 0;
			knownRegions = (
				en,
				Base,
			);
			mainGroup = F85C10192774E67000C5E5FD;
			productRefGroup = F85C10232774E67000C5E5FD /* Products */;
			projectDirPath = "";
			projectRoot = "";
			targets = (
				F85C10212774E67000C5E5FD /* todo_app */,
			);
		};
/* End PBXProject section */

/* Begin PBXResourcesBuildPhase section */
		F85C10202774E67000C5E5FD /* Resources */ = {
			isa = PBXResourcesBuildPhase;
			buildActionMask = 2147483647;
			files = (
				F85C102D2774E67200C5E5FD /* Preview Assets.xcassets in Resources */,
				F85C102A2774E67200C5E5FD /* Assets.xcassets in Resources */,
			);
			runOnlyForDeploymentPostprocessing = 0;
		};
/* End PBXResourcesBuildPhase section */

/* Begin PBXSourcesBuildPhase section */
		F85C101E2774E67000C5E5FD /* Sources */ = {
			isa = PBXSourcesBuildPhase;
			buildActionMask = 2147483647;
			files = (
				F85C10282774E67000C5E5FD /* ContentView.swift in Sources */,
				F85C10262774E67000C5E5FD /* todo_appApp.swift in Sources */,
				F81B91752774F47100336ACF /* AddTodoView.swift in Sources */,
				F85C10392774EA2A00C5E5FD /* TodoListRowView.swift in Sources */,
				F81B9179277520F800336ACF /* AddTodoViewModel.swift in Sources */,
				F85C103B2774EAA300C5E5FD /* TodoModel.swift in Sources */,
				F85C103D2774EB0800C5E5FD /* TodoListViewModel.swift in Sources */,
				F81B917B277525C200336ACF /* AlertModel.swift in Sources */,
				F85C10372774EA1E00C5E5FD /* TodoListView.swift in Sources */,
			);
			runOnlyForDeploymentPostprocessing = 0;
		};
/* End PBXSourcesBuildPhase section */

/* Begin XCBuildConfiguration section */
		F85C102E2774E67200C5E5FD /* Debug */ = {
			isa = XCBuildConfiguration;
			buildSettings = {
				ALWAYS_SEARCH_USER_PATHS = NO;
				CLANG_ANALYZER_NONNULL = YES;
				CLANG_ANALYZER_NUMBER_OBJECT_CONVERSION = YES_AGGRESSIVE;
				CLANG_CXX_LANGUAGE_STANDARD = "gnu++17";
				CLANG_CXX_LIBRARY = "libc++";
				CLANG_ENABLE_MODULES = YES;
				CLANG_ENABLE_OBJC_ARC = YES;
				CLANG_ENABLE_OBJC_WEAK = YES;
				CLANG_WARN_BLOCK_CAPTURE_AUTORELEASING = YES;
				CLANG_WARN_BOOL_CONVERSION = YES;
				CLANG_WARN_COMMA = YES;
				CLANG_WARN_CONSTANT_CONVERSION = YES;
				CLANG_WARN_DEPRECATED_OBJC_IMPLEMENTATIONS = YES;
				CLANG_WARN_DIRECT_OBJC_ISA_USAGE = YES_ERROR;
				CLANG_WARN_DOCUMENTATION_COMMENTS = YES;
				CLANG_WARN_EMPTY_BODY = YES;
				CLANG_WARN_ENUM_CONVERSION = YES;
				CLANG_WARN_INFINITE_RECURSION = YES;
				CLANG_WARN_INT_CONVERSION = YES;
				CLANG_WARN_NON_LITERAL_NULL_CONVERSION = YES;
				CLANG_WARN_OBJC_IMPLICIT_RETAIN_SELF = YES;
				CLANG_WARN_OBJC_LITERAL_CONVERSION = YES;
				CLANG_WARN_OBJC_ROOT_CLASS = YES_ERROR;
				CLANG_WARN_QUOTED_INCLUDE_IN_FRAMEWORK_HEADER = YES;
				CLANG_WARN_RANGE_LOOP_ANALYSIS = YES;
				CLANG_WARN_STRICT_PROTOTYPES = YES;
				CLANG_WARN_SUSPICIOUS_MOVE = YES;
				CLANG_WARN_UNGUARDED_AVAILABILITY = YES_AGGRESSIVE;
				CLANG_WARN_UNREACHABLE_CODE = YES;
				CLANG_WARN__DUPLICATE_METHOD_MATCH = YES;
				COPY_PHASE_STRIP = NO;
				DEBUG_INFORMATION_FORMAT = dwarf;
				ENABLE_STRICT_OBJC_MSGSEND = YES;
				ENABLE_TESTABILITY = YES;
				GCC_C_LANGUAGE_STANDARD = gnu11;
				GCC_DYNAMIC_NO_PIC = NO;
				GCC_NO_COMMON_BLOCKS = YES;
				GCC_OPTIMIZATION_LEVEL = 0;
				GCC_PREPROCESSOR_DEFINITIONS = (
					"DEBUG=1",
					"$(inherited)",
				);
				GCC_WARN_64_TO_32_BIT_CONVERSION = YES;
				GCC_WARN_ABOUT_RETURN_TYPE = YES_ERROR;
				GCC_WARN_UNDECLARED_SELECTOR = YES;
				GCC_WARN_UNINITIALIZED_AUTOS = YES_AGGRESSIVE;
				GCC_WARN_UNUSED_FUNCTION = YES;
				GCC_WARN_UNUSED_VARIABLE = YES;
				IPHONEOS_DEPLOYMENT_TARGET = 15.2;
				MTL_ENABLE_DEBUG_INFO = INCLUDE_SOURCE;
				MTL_FAST_MATH = YES;
				ONLY_ACTIVE_ARCH = YES;
				SDKROOT = iphoneos;
				SWIFT_ACTIVE_COMPILATION_CONDITIONS = DEBUG;
				SWIFT_OPTIMIZATION_LEVEL = "-Onone";
			};
			name = Debug;
		};
		F85C102F2774E67200C5E5FD /* Release */ = {
			isa = XCBuildConfiguration;
			buildSettings = {
				ALWAYS_SEARCH_USER_PATHS = NO;
				CLANG_ANALYZER_NONNULL = YES;
				CLANG_ANALYZER_NUMBER_OBJECT_CONVERSION = YES_AGGRESSIVE;
				CLANG_CXX_LANGUAGE_STANDARD = "gnu++17";
				CLANG_CXX_LIBRARY = "libc++";
				CLANG_ENABLE_MODULES = YES;
				CLANG_ENABLE_OBJC_ARC = YES;
				CLANG_ENABLE_OBJC_WEAK = YES;
				CLANG_WARN_BLOCK_CAPTURE_AUTORELEASING = YES;
				CLANG_WARN_BOOL_CONVERSION = YES;
				CLANG_WARN_COMMA = YES;
				CLANG_WARN_CONSTANT_CONVERSION = YES;
				CLANG_WARN_DEPRECATED_OBJC_IMPLEMENTATIONS = YES;
				CLANG_WARN_DIRECT_OBJC_ISA_USAGE = YES_ERROR;
				CLANG_WARN_DOCUMENTATION_COMMENTS = YES;
				CLANG_WARN_EMPTY_BODY = YES;
				CLANG_WARN_ENUM_CONVERSION = YES;
				CLANG_WARN_INFINITE_RECURSION = YES;
				CLANG_WARN_INT_CONVERSION = YES;
				CLANG_WARN_NON_LITERAL_NULL_CONVERSION = YES;
				CLANG_WARN_OBJC_IMPLICIT_RETAIN_SELF = YES;
				CLANG_WARN_OBJC_LITERAL_CONVERSION = YES;
				CLANG_WARN_OBJC_ROOT_CLASS = YES_ERROR;
				CLANG_WARN_QUOTED_INCLUDE_IN_FRAMEWORK_HEADER = YES;
				CLANG_WARN_RANGE_LOOP_ANALYSIS = YES;
				CLANG_WARN_STRICT_PROTOTYPES = YES;
				CLANG_WARN_SUSPICIOUS_MOVE = YES;
				CLANG_WARN_UNGUARDED_AVAILABILITY = YES_AGGRESSIVE;
				CLANG_WARN_UNREACHABLE_CODE = YES;
				CLANG_WARN__DUPLICATE_METHOD_MATCH = YES;
				COPY_PHASE_STRIP = NO;
				DEBUG_INFORMATION_FORMAT = "dwarf-with-dsym";
				ENABLE_NS_ASSERTIONS = NO;
				ENABLE_STRICT_OBJC_MSGSEND = YES;
				GCC_C_LANGUAGE_STANDARD = gnu11;
				GCC_NO_COMMON_BLOCKS = YES;
				GCC_WARN_64_TO_32_BIT_CONVERSION = YES;
				GCC_WARN_ABOUT_RETURN_TYPE = YES_ERROR;
				GCC_WARN_UNDECLARED_SELECTOR = YES;
				GCC_WARN_UNINITIALIZED_AUTOS = YES_AGGRESSIVE;
				GCC_WARN_UNUSED_FUNCTION = YES;
				GCC_WARN_UNUSED_VARIABLE = YES;
				IPHONEOS_DEPLOYMENT_TARGET = 15.2;
				MTL_ENABLE_DEBUG_INFO = NO;
				MTL_FAST_MATH = YES;
				SDKROOT = iphoneos;
				SWIFT_COMPILATION_MODE = wholemodule;
				SWIFT_OPTIMIZATION_LEVEL = "-O";
				VALIDATE_PRODUCT = YES;
			};
			name = Release;
		};
		F85C10312774E67200C5E5FD /* Debug */ = {
			isa = XCBuildConfiguration;
			buildSettings = {
				ASSETCATALOG_COMPILER_APPICON_NAME = AppIcon;
				ASSETCATALOG_COMPILER_GLOBAL_ACCENT_COLOR_NAME = AccentColor;
				CODE_SIGN_STYLE = Automatic;
				CURRENT_PROJECT_VERSION = 1;
				DEVELOPMENT_ASSET_PATHS = "\"todo_app/Preview Content\"";
				DEVELOPMENT_TEAM = U9NDVT7L9Y;
				ENABLE_PREVIEWS = YES;
				GENERATE_INFOPLIST_FILE = YES;
				INFOPLIST_KEY_UIApplicationSceneManifest_Generation = YES;
				INFOPLIST_KEY_UIApplicationSupportsIndirectInputEvents = YES;
				INFOPLIST_KEY_UILaunchScreen_Generation = YES;
				INFOPLIST_KEY_UISupportedInterfaceOrientations_iPad = "UIInterfaceOrientationPortrait UIInterfaceOrientationPortraitUpsideDown UIInterfaceOrientationLandscapeLeft UIInterfaceOrientationLandscapeRight";
				INFOPLIST_KEY_UISupportedInterfaceOrientations_iPhone = "UIInterfaceOrientationPortrait UIInterfaceOrientationLandscapeLeft UIInterfaceOrientationLandscapeRight";
				LD_RUNPATH_SEARCH_PATHS = (
					"$(inherited)",
					"@executable_path/Frameworks",
				);
				MARKETING_VERSION = 1.0;
				PRODUCT_BUNDLE_IDENTIFIER = "com.rohiddev.todo-app";
				PRODUCT_NAME = "$(TARGET_NAME)";
				SWIFT_EMIT_LOC_STRINGS = YES;
				SWIFT_VERSION = 5.0;
				TARGETED_DEVICE_FAMILY = "1,2";
			};
			name = Debug;
		};
		F85C10322774E67200C5E5FD /* Release */ = {
			isa = XCBuildConfiguration;
			buildSettings = {
				ASSETCATALOG_COMPILER_APPICON_NAME = AppIcon;
				ASSETCATALOG_COMPILER_GLOBAL_ACCENT_COLOR_NAME = AccentColor;
				CODE_SIGN_STYLE = Automatic;
				CURRENT_PROJECT_VERSION = 1;
				DEVELOPMENT_ASSET_PATHS = "\"todo_app/Preview Content\"";
				DEVELOPMENT_TEAM = U9NDVT7L9Y;
				ENABLE_PREVIEWS = YES;
				GENERATE_INFOPLIST_FILE = YES;
				INFOPLIST_KEY_UIApplicationSceneManifest_Generation = YES;
				INFOPLIST_KEY_UIApplicationSupportsIndirectInputEvents = YES;
				INFOPLIST_KEY_UILaunchScreen_Generation = YES;
				INFOPLIST_KEY_UISupportedInterfaceOrientations_iPad = "UIInterfaceOrientationPortrait UIInterfaceOrientationPortraitUpsideDown UIInterfaceOrientationLandscapeLeft UIInterfaceOrientationLandscapeRight";
				INFOPLIST_KEY_UISupportedInterfaceOrientations_iPhone = "UIInterfaceOrientationPortrait UIInterfaceOrientationLandscapeLeft UIInterfaceOrientationLandscapeRight";
				LD_RUNPATH_SEARCH_PATHS = (
					"$(inherited)",
					"@executable_path/Frameworks",
				);
				MARKETING_VERSION = 1.0;
				PRODUCT_BUNDLE_IDENTIFIER = "com.rohiddev.todo-app";
				PRODUCT_NAME = "$(TARGET_NAME)";
				SWIFT_EMIT_LOC_STRINGS = YES;
				SWIFT_VERSION = 5.0;
				TARGETED_DEVICE_FAMILY = "1,2";
			};
			name = Release;
		};
/* End XCBuildConfiguration section */

/* Begin XCConfigurationList section */
		F85C101D2774E67000C5E5FD /* Build configuration list for PBXProject "todo_app" */ = {
			isa = XCConfigurationList;
			buildConfigurations = (
				F85C102E2774E67200C5E5FD /* Debug */,
				F85C102F2774E67200C5E5FD /* Release */,
			);
			defaultConfigurationIsVisible = 0;
			defaultConfigurationName = Release;
		};
		F85C10302774E67200C5E5FD /* Build configuration list for PBXNativeTarget "todo_app" */ = {
			isa = XCConfigurationList;
			buildConfigurations = (
				F85C10312774E67200C5E5FD /* Debug */,
				F85C10322774E67200C5E5FD /* Release */,
			);
			defaultConfigurationIsVisible = 0;
			defaultConfigurationName = Release;
		};
/* End XCConfigurationList section */
	};
	rootObject = F85C101A2774E67000C5E5FD /* Project object */;
}
